
Microsoft Visual Studio Solution File, Format Version 12.00
# Visual Studio Version 16
VisualStudioVersion = 16.0.30204.135
MinimumVisualStudioVersion = 15.0.26124.0
Project("{2150E333-8FDC-42A3-9474-1A3956D46DE8}") = "domain", "domain", "{2A6C0DF3-3862-493D-AB83-3887B15355EB}"
EndProject
Project("{9A19103F-16F7-4668-BE54-9A1E7A4F7556}") = "Store", "domain\Store\Store.csproj", "{B8E9DD4C-7C20-424D-B8B0-5D28AAA57EDC}"
EndProject
Project("{2150E333-8FDC-42A3-9474-1A3956D46DE8}") = "Infrastructure", "Infrastructure", "{645F684B-320C-476A-9677-D6048C5BB515}"
EndProject
Project("{FAE04EC0-301F-11D3-BF4B-00C04F79EFBC}") = "Store.Memory", "Infrastructure\Store.Memory\Store.Memory.csproj", "{8EBFC9A4-C2BE-41FF-BEEA-CD90EA443210}"
EndProject
Project("{2150E333-8FDC-42A3-9474-1A3956D46DE8}") = "presentation", "presentation", "{7ACC48E6-587B-4253-A811-12E9231D36BF}"
EndProject
Project("{FAE04EC0-301F-11D3-BF4B-00C04F79EFBC}") = "Store.Web", "presentation\Store.Web\Store.Web.csproj", "{4C1357BF-D318-42F9-9ECE-35EA8465CB9D}"
EndProject
Global
	GlobalSection(SolutionConfigurationPlatforms) = preSolution
		Debug|Any CPU = Debug|Any CPU
		Debug|x64 = Debug|x64
		Debug|x86 = Debug|x86
		Release|Any CPU = Release|Any CPU
		Release|x64 = Release|x64
		Release|x86 = Release|x86
	EndGlobalSection
	GlobalSection(ProjectConfigurationPlatforms) = postSolution
		{B8E9DD4C-7C20-424D-B8B0-5D28AAA57EDC}.Debug|Any CPU.ActiveCfg = Debug|Any CPU
		{B8E9DD4C-7C20-424D-B8B0-5D28AAA57EDC}.Debug|Any CPU.Build.0 = Debug|Any CPU
		{B8E9DD4C-7C20-424D-B8B0-5D28AAA57EDC}.Debug|x64.ActiveCfg = Debug|Any CPU
		{B8E9DD4C-7C20-424D-B8B0-5D28AAA57EDC}.Debug|x64.Build.0 = Debug|Any CPU
		{B8E9DD4C-7C20-424D-B8B0-5D28AAA57EDC}.Debug|x86.ActiveCfg = Debug|Any CPU
		{B8E9DD4C-7C20-424D-B8B0-5D28AAA57EDC}.Debug|x86.Build.0 = Debug|Any CPU
		{B8E9DD4C-7C20-424D-B8B0-5D28AAA57EDC}.Release|Any CPU.ActiveCfg = Release|Any CPU
		{B8E9DD4C-7C20-424D-B8B0-5D28AAA57EDC}.Release|Any CPU.Build.0 = Release|Any CPU
		{B8E9DD4C-7C20-424D-B8B0-5D28AAA57EDC}.Release|x64.ActiveCfg = Release|Any CPU
		{B8E9DD4C-7C20-424D-B8B0-5D28AAA57EDC}.Release|x64.Build.0 = Release|Any CPU
		{B8E9DD4C-7C20-424D-B8B0-5D28AAA57EDC}.Release|x86.ActiveCfg = Release|Any CPU
		{B8E9DD4C-7C20-424D-B8B0-5D28AAA57EDC}.Release|x86.Build.0 = Release|Any CPU
		{8EBFC9A4-C2BE-41FF-BEEA-CD90EA443210}.Debug|Any CPU.ActiveCfg = Debug|Any CPU
		{8EBFC9A4-C2BE-41FF-BEEA-CD90EA443210}.Debug|Any CPU.Build.0 = Debug|Any CPU
		{8EBFC9A4-C2BE-41FF-BEEA-CD90EA443210}.Debug|x64.ActiveCfg = Debug|Any CPU
		{8EBFC9A4-C2BE-41FF-BEEA-CD90EA443210}.Debug|x64.Build.0 = Debug|Any CPU
		{8EBFC9A4-C2BE-41FF-BEEA-CD90EA443210}.Debug|x86.ActiveCfg = Debug|Any CPU
		{8EBFC9A4-C2BE-41FF-BEEA-CD90EA443210}.Debug|x86.Build.0 = Debug|Any CPU
		{8EBFC9A4-C2BE-41FF-BEEA-CD90EA443210}.Release|Any CPU.ActiveCfg = Release|Any CPU
		{8EBFC9A4-C2BE-41FF-BEEA-CD90EA443210}.Release|Any CPU.Build.0 = Release|Any CPU
		{8EBFC9A4-C2BE-41FF-BEEA-CD90EA443210}.Release|x64.ActiveCfg = Release|Any CPU
		{8EBFC9A4-C2BE-41FF-BEEA-CD90EA443210}.Release|x64.Build.0 = Release|Any CPU
		{8EBFC9A4-C2BE-41FF-BEEA-CD90EA443210}.Release|x86.ActiveCfg = Release|Any CPU
		{8EBFC9A4-C2BE-41FF-BEEA-CD90EA443210}.Release|x86.Build.0 = Release|Any CPU
		{4C1357BF-D318-42F9-9ECE-35EA8465CB9D}.Debug|Any CPU.ActiveCfg = Debug|Any CPU
		{4C1357BF-D318-42F9-9ECE-35EA8465CB9D}.Debug|Any CPU.Build.0 = Debug|Any CPU
		{4C1357BF-D318-42F9-9ECE-35EA8465CB9D}.Debug|x64.ActiveCfg = Debug|Any CPU
		{4C1357BF-D318-42F9-9ECE-35EA8465CB9D}.Debug|x64.Build.0 = Debug|Any CPU
		{4C1357BF-D318-42F9-9ECE-35EA8465CB9D}.Debug|x86.ActiveCfg = Debug|Any CPU
		{4C1357BF-D318-42F9-9ECE-35EA8465CB9D}.Debug|x86.Build.0 = Debug|Any CPU
		{4C1357BF-D318-42F9-9ECE-35EA8465CB9D}.Release|Any CPU.ActiveCfg = Release|Any CPU
		{4C1357BF-D318-42F9-9ECE-35EA8465CB9D}.Release|Any CPU.Build.0 = Release|Any CPU
		{4C1357BF-D318-42F9-9ECE-35EA8465CB9D}.Release|x64.ActiveCfg = Release|Any CPU
		{4C1357BF-D318-42F9-9ECE-35EA8465CB9D}.Release|x64.Build.0 = Release|Any CPU
		{4C1357BF-D318-42F9-9ECE-35EA8465CB9D}.Release|x86.ActiveCfg = Release|Any CPU
		{4C1357BF-D318-42F9-9ECE-35EA8465CB9D}.Release|x86.Build.0 = Release|Any CPU
	EndGlobalSection
	GlobalSection(SolutionProperties) = preSolution
		HideSolutionNode = FALSE
	EndGlobalSection
	GlobalSection(NestedProjects) = preSolution
		{B8E9DD4C-7C20-424D-B8B0-5D28AAA57EDC} = {2A6C0DF3-3862-493D-AB83-3887B15355EB}
		{8EBFC9A4-C2BE-41FF-BEEA-CD90EA443210} = {645F684B-320C-476A-9677-D6048C5BB515}
		{4C1357BF-D318-42F9-9ECE-35EA8465CB9D} = {7ACC48E6-587B-4253-A811-12E9231D36BF}
	EndGlobalSection
	GlobalSection(ExtensibilityGlobals) = postSolution
		SolutionGuid = {34E13F51-6EC7-453E-B3A9-87BFAA625680}
	EndGlobalSection
EndGlobal
